
Microsoft Visual Studio Solution File, Format Version 12.00
# Visual Studio Version 17
VisualStudioVersion = 17.12.35521.163 d17.12
MinimumVisualStudioVersion = 10.0.40219.1
Project("{FAE04EC0-301F-11D3-BF4B-00C04F79EFBC}") = "MyCar.Server", "MyCar.Server\MyCar.Server.csproj", "{B3344FBF-5CCB-4640-942E-A99B31E0E941}"
EndProject
Project("{54A90642-561A-4BB1-A94E-469ADEE60C69}") = "mycar.client", "mycar.client\mycar.client.esproj", "{57D9B8A9-081C-4DA2-A30B-FD5130E4246E}"
EndProject
Global
	GlobalSection(SolutionConfigurationPlatforms) = preSolution
		Debug|Any CPU = Debug|Any CPU
		Release|Any CPU = Release|Any CPU
	EndGlobalSection
	GlobalSection(ProjectConfigurationPlatforms) = postSolution
		{B3344FBF-5CCB-4640-942E-A99B31E0E941}.Debug|Any CPU.ActiveCfg = Debug|Any CPU
		{B3344FBF-5CCB-4640-942E-A99B31E0E941}.Debug|Any CPU.Build.0 = Debug|Any CPU
		{B3344FBF-5CCB-4640-942E-A99B31E0E941}.Release|Any CPU.ActiveCfg = Release|Any CPU
		{B3344FBF-5CCB-4640-942E-A99B31E0E941}.Release|Any CPU.Build.0 = Release|Any CPU
		{57D9B8A9-081C-4DA2-A30B-FD5130E4246E}.Debug|Any CPU.ActiveCfg = Debug|Any CPU
		{57D9B8A9-081C-4DA2-A30B-FD5130E4246E}.Debug|Any CPU.Build.0 = Debug|Any CPU
		{57D9B8A9-081C-4DA2-A30B-FD5130E4246E}.Debug|Any CPU.Deploy.0 = Debug|Any CPU
		{57D9B8A9-081C-4DA2-A30B-FD5130E4246E}.Release|Any CPU.ActiveCfg = Release|Any CPU
		{57D9B8A9-081C-4DA2-A30B-FD5130E4246E}.Release|Any CPU.Build.0 = Release|Any CPU
		{57D9B8A9-081C-4DA2-A30B-FD5130E4246E}.Release|Any CPU.Deploy.0 = Release|Any CPU
	EndGlobalSection
	GlobalSection(SolutionProperties) = preSolution
		HideSolutionNode = FALSE
	EndGlobalSection
EndGlobal
